
Microsoft Visual Studio Solution File, Format Version 12.00
# Visual Studio Version 17
VisualStudioVersion = 17.0.32112.339
MinimumVisualStudioVersion = 10.0.40219.1
Project("{9A19103F-16F7-4668-BE54-9A1E7A4F7556}") = "LotteryStatsMVCApp", "LotteryStatsMVCApp\LotteryStatsMVCApp.csproj", "{3CDD95FD-B72F-45B5-918C-BAD8B4C4516C}"
EndProject
Project("{9A19103F-16F7-4668-BE54-9A1E7A4F7556}") = "LotteryStats.xUnitTests", "LotteryStats.xUnitTests\LotteryStats.xUnitTests.csproj", "{C9A88701-89F7-496F-B771-6D95C8DF17C9}"
EndProject
Global
	GlobalSection(SolutionConfigurationPlatforms) = preSolution
		Debug|Any CPU = Debug|Any CPU
		Debug|ARM64 = Debug|ARM64
		Release|Any CPU = Release|Any CPU
		Release|ARM64 = Release|ARM64
	EndGlobalSection
	GlobalSection(ProjectConfigurationPlatforms) = postSolution
		{3CDD95FD-B72F-45B5-918C-BAD8B4C4516C}.Debug|Any CPU.ActiveCfg = Debug|Any CPU
		{3CDD95FD-B72F-45B5-918C-BAD8B4C4516C}.Debug|Any CPU.Build.0 = Debug|Any CPU
		{3CDD95FD-B72F-45B5-918C-BAD8B4C4516C}.Debug|ARM64.ActiveCfg = Debug|ARM64
		{3CDD95FD-B72F-45B5-918C-BAD8B4C4516C}.Debug|ARM64.Build.0 = Debug|ARM64
		{3CDD95FD-B72F-45B5-918C-BAD8B4C4516C}.Release|Any CPU.ActiveCfg = Release|Any CPU
		{3CDD95FD-B72F-45B5-918C-BAD8B4C4516C}.Release|Any CPU.Build.0 = Release|Any CPU
		{3CDD95FD-B72F-45B5-918C-BAD8B4C4516C}.Release|ARM64.ActiveCfg = Release|ARM64
		{3CDD95FD-B72F-45B5-918C-BAD8B4C4516C}.Release|ARM64.Build.0 = Release|ARM64
		{C9A88701-89F7-496F-B771-6D95C8DF17C9}.Debug|Any CPU.ActiveCfg = Debug|Any CPU
		{C9A88701-89F7-496F-B771-6D95C8DF17C9}.Debug|Any CPU.Build.0 = Debug|Any CPU
		{C9A88701-89F7-496F-B771-6D95C8DF17C9}.Debug|ARM64.ActiveCfg = Debug|Any CPU
		{C9A88701-89F7-496F-B771-6D95C8DF17C9}.Debug|ARM64.Build.0 = Debug|Any CPU
		{C9A88701-89F7-496F-B771-6D95C8DF17C9}.Release|Any CPU.ActiveCfg = Release|Any CPU
		{C9A88701-89F7-496F-B771-6D95C8DF17C9}.Release|Any CPU.Build.0 = Release|Any CPU
		{C9A88701-89F7-496F-B771-6D95C8DF17C9}.Release|ARM64.ActiveCfg = Release|Any CPU
		{C9A88701-89F7-496F-B771-6D95C8DF17C9}.Release|ARM64.Build.0 = Release|Any CPU
	EndGlobalSection
	GlobalSection(SolutionProperties) = preSolution
		HideSolutionNode = FALSE
	EndGlobalSection
	GlobalSection(ExtensibilityGlobals) = postSolution
		SolutionGuid = {A33B87BE-FF69-464E-AAE0-C8435E795CFF}
	EndGlobalSection
EndGlobal
